
Microsoft Visual Studio Solution File, Format Version 12.00
# Visual Studio Version 17
VisualStudioVersion = 17.10.35004.147
MinimumVisualStudioVersion = 10.0.40219.1
Project("{2150E333-8FDC-42A3-9474-1A3956D46DE8}") = "Services", "Services", "{48A40CCE-3A79-4BE8-B137-516526858504}"
EndProject
Project("{2150E333-8FDC-42A3-9474-1A3956D46DE8}") = "Catalog", "Catalog", "{24A25A8E-6852-4703-8408-1CD3E9F78F37}"
EndProject
Project("{9A19103F-16F7-4668-BE54-9A1E7A4F7556}") = "Catalog.API", "Services\Catalog\Catalog.API\Catalog.API.csproj", "{EB660926-0451-47EF-BAD9-A14E5FC0F195}"
EndProject
Project("{2150E333-8FDC-42A3-9474-1A3956D46DE8}") = "BuildingBlocks", "BuildingBlocks", "{0920C7E7-2C01-45B3-AA1A-EA61E2DDC7A8}"
EndProject
Project("{9A19103F-16F7-4668-BE54-9A1E7A4F7556}") = "BuildingBlocks", "BuildingBlocks\BuildingBlocks\BuildingBlocks.csproj", "{F897EF57-A921-479D-8B29-2F66B94CCB26}"
EndProject
Project("{E53339B2-1760-4266-BCC7-CA923CBCF16C}") = "docker-compose", "docker-compose.dcproj", "{39EFB907-5BED-4D3B-908B-45BD90C4DA6F}"
EndProject
Project("{2150E333-8FDC-42A3-9474-1A3956D46DE8}") = "Basket", "Basket", "{27BC4419-90E3-4690-8072-73467EC50672}"
EndProject
Project("{9A19103F-16F7-4668-BE54-9A1E7A4F7556}") = "Basket.API", "Services\Basket\Basket.API\Basket.API.csproj", "{7362A14E-C9B4-453E-B7E9-8F75B5F24D13}"
EndProject
Project("{2150E333-8FDC-42A3-9474-1A3956D46DE8}") = "Discount", "Discount", "{349EB3C1-9FB1-4103-A13E-380793CCA52F}"
EndProject
Project("{FAE04EC0-301F-11D3-BF4B-00C04F79EFBC}") = "Discount.Grpc", "Services\Discount\Discount.Grpc\Discount.Grpc.csproj", "{0EEB841E-AE5E-4E02-AA60-D1785A330D80}"
	ProjectSection(ProjectDependencies) = postProject
		{F897EF57-A921-479D-8B29-2F66B94CCB26} = {F897EF57-A921-479D-8B29-2F66B94CCB26}
	EndProjectSection
EndProject
Global
	GlobalSection(SolutionConfigurationPlatforms) = preSolution
		Debug|Any CPU = Debug|Any CPU
		Release|Any CPU = Release|Any CPU
	EndGlobalSection
	GlobalSection(ProjectConfigurationPlatforms) = postSolution
		{EB660926-0451-47EF-BAD9-A14E5FC0F195}.Debug|Any CPU.ActiveCfg = Debug|Any CPU
		{EB660926-0451-47EF-BAD9-A14E5FC0F195}.Debug|Any CPU.Build.0 = Debug|Any CPU
		{EB660926-0451-47EF-BAD9-A14E5FC0F195}.Release|Any CPU.ActiveCfg = Release|Any CPU
		{EB660926-0451-47EF-BAD9-A14E5FC0F195}.Release|Any CPU.Build.0 = Release|Any CPU
		{F897EF57-A921-479D-8B29-2F66B94CCB26}.Debug|Any CPU.ActiveCfg = Debug|Any CPU
		{F897EF57-A921-479D-8B29-2F66B94CCB26}.Debug|Any CPU.Build.0 = Debug|Any CPU
		{F897EF57-A921-479D-8B29-2F66B94CCB26}.Release|Any CPU.ActiveCfg = Release|Any CPU
		{F897EF57-A921-479D-8B29-2F66B94CCB26}.Release|Any CPU.Build.0 = Release|Any CPU
		{39EFB907-5BED-4D3B-908B-45BD90C4DA6F}.Debug|Any CPU.ActiveCfg = Debug|Any CPU
		{39EFB907-5BED-4D3B-908B-45BD90C4DA6F}.Debug|Any CPU.Build.0 = Debug|Any CPU
		{39EFB907-5BED-4D3B-908B-45BD90C4DA6F}.Release|Any CPU.ActiveCfg = Release|Any CPU
		{39EFB907-5BED-4D3B-908B-45BD90C4DA6F}.Release|Any CPU.Build.0 = Release|Any CPU
		{7362A14E-C9B4-453E-B7E9-8F75B5F24D13}.Debug|Any CPU.ActiveCfg = Debug|Any CPU
		{7362A14E-C9B4-453E-B7E9-8F75B5F24D13}.Debug|Any CPU.Build.0 = Debug|Any CPU
		{7362A14E-C9B4-453E-B7E9-8F75B5F24D13}.Release|Any CPU.ActiveCfg = Release|Any CPU
		{7362A14E-C9B4-453E-B7E9-8F75B5F24D13}.Release|Any CPU.Build.0 = Release|Any CPU
		{0EEB841E-AE5E-4E02-AA60-D1785A330D80}.Debug|Any CPU.ActiveCfg = Debug|Any CPU
		{0EEB841E-AE5E-4E02-AA60-D1785A330D80}.Debug|Any CPU.Build.0 = Debug|Any CPU
		{0EEB841E-AE5E-4E02-AA60-D1785A330D80}.Release|Any CPU.ActiveCfg = Release|Any CPU
		{0EEB841E-AE5E-4E02-AA60-D1785A330D80}.Release|Any CPU.Build.0 = Release|Any CPU
	EndGlobalSection
	GlobalSection(SolutionProperties) = preSolution
		HideSolutionNode = FALSE
	EndGlobalSection
	GlobalSection(NestedProjects) = preSolution
		{24A25A8E-6852-4703-8408-1CD3E9F78F37} = {48A40CCE-3A79-4BE8-B137-516526858504}
		{EB660926-0451-47EF-BAD9-A14E5FC0F195} = {24A25A8E-6852-4703-8408-1CD3E9F78F37}
		{F897EF57-A921-479D-8B29-2F66B94CCB26} = {0920C7E7-2C01-45B3-AA1A-EA61E2DDC7A8}
		{27BC4419-90E3-4690-8072-73467EC50672} = {48A40CCE-3A79-4BE8-B137-516526858504}
		{7362A14E-C9B4-453E-B7E9-8F75B5F24D13} = {27BC4419-90E3-4690-8072-73467EC50672}
		{349EB3C1-9FB1-4103-A13E-380793CCA52F} = {48A40CCE-3A79-4BE8-B137-516526858504}
		{0EEB841E-AE5E-4E02-AA60-D1785A330D80} = {349EB3C1-9FB1-4103-A13E-380793CCA52F}
	EndGlobalSection
	GlobalSection(ExtensibilityGlobals) = postSolution
		SolutionGuid = {0F17ECEB-A557-46F6-B9A3-D4FE7050485C}
	EndGlobalSection
EndGlobal
